
Microsoft Visual Studio Solution File, Format Version 12.00
# Visual Studio Version 16
VisualStudioVersion = 16.0.29519.181
MinimumVisualStudioVersion = 10.0.40219.1
Project("{FAE04EC0-301F-11D3-BF4B-00C04F79EFBC}") = "ToDataTable", "ToDataTable\ToDataTable.csproj", "{FF78821B-25C8-4F44-B81C-75400D766AED}"
EndProject
Project("{FAE04EC0-301F-11D3-BF4B-00C04F79EFBC}") = "ToDataTableTest", "ToDataTableTest\ToDataTableTest.csproj", "{F18B141D-260C-4E05-96D9-63B87EF2977C}"
EndProject
Global
	GlobalSection(SolutionConfigurationPlatforms) = preSolution
		Debug|Any CPU = Debug|Any CPU
		Release|Any CPU = Release|Any CPU
	EndGlobalSection
	GlobalSection(ProjectConfigurationPlatforms) = postSolution
		{FF78821B-25C8-4F44-B81C-75400D766AED}.Debug|Any CPU.ActiveCfg = Debug|Any CPU
		{FF78821B-25C8-4F44-B81C-75400D766AED}.Debug|Any CPU.Build.0 = Debug|Any CPU
		{FF78821B-25C8-4F44-B81C-75400D766AED}.Release|Any CPU.ActiveCfg = Release|Any CPU
		{FF78821B-25C8-4F44-B81C-75400D766AED}.Release|Any CPU.Build.0 = Release|Any CPU
		{F18B141D-260C-4E05-96D9-63B87EF2977C}.Debug|Any CPU.ActiveCfg = Debug|Any CPU
		{F18B141D-260C-4E05-96D9-63B87EF2977C}.Debug|Any CPU.Build.0 = Debug|Any CPU
		{F18B141D-260C-4E05-96D9-63B87EF2977C}.Release|Any CPU.ActiveCfg = Release|Any CPU
		{F18B141D-260C-4E05-96D9-63B87EF2977C}.Release|Any CPU.Build.0 = Release|Any CPU
	EndGlobalSection
	GlobalSection(SolutionProperties) = preSolution
		HideSolutionNode = FALSE
	EndGlobalSection
	GlobalSection(ExtensibilityGlobals) = postSolution
		SolutionGuid = {A68FBE00-E4D3-40A1-BCF6-2B7DA9F74777}
	EndGlobalSection
EndGlobal
